// !$*UTF8*$!
{
	archiveVersion = 1;
	classes = {
	};
	objectVersion = 46;
	objects = {

/* Begin PBXBuildFile section */
		582896F41E8A728800AD6630 /* AppDelegate.swift in Sources */ = {isa = PBXBuildFile; fileRef = 582896F31E8A728800AD6630 /* AppDelegate.swift */; };
		582896F91E8A728800AD6630 /* Main.storyboard in Resources */ = {isa = PBXBuildFile; fileRef = 582896F71E8A728800AD6630 /* Main.storyboard */; };
		582896FB1E8A728800AD6630 /* Assets.xcassets in Resources */ = {isa = PBXBuildFile; fileRef = 582896FA1E8A728800AD6630 /* Assets.xcassets */; };
		582896FE1E8A728800AD6630 /* LaunchScreen.storyboard in Resources */ = {isa = PBXBuildFile; fileRef = 582896FC1E8A728800AD6630 /* LaunchScreen.storyboard */; };
		5828970B1E8A72A900AD6630 /* FirstCell.swift in Sources */ = {isa = PBXBuildFile; fileRef = 582897051E8A72A900AD6630 /* FirstCell.swift */; };
		5828970C1E8A72A900AD6630 /* FirstCell.xib in Resources */ = {isa = PBXBuildFile; fileRef = 582897061E8A72A900AD6630 /* FirstCell.xib */; };
		5828970D1E8A72A900AD6630 /* SecondCell.swift in Sources */ = {isa = PBXBuildFile; fileRef = 582897071E8A72A900AD6630 /* SecondCell.swift */; };
		5828970E1E8A72A900AD6630 /* SecondCell.xib in Resources */ = {isa = PBXBuildFile; fileRef = 582897081E8A72A900AD6630 /* SecondCell.xib */; };
		5828970F1E8A72A900AD6630 /* ThirdCell.swift in Sources */ = {isa = PBXBuildFile; fileRef = 582897091E8A72A900AD6630 /* ThirdCell.swift */; };
		582897101E8A72A900AD6630 /* ThirdCell.xib in Resources */ = {isa = PBXBuildFile; fileRef = 5828970A1E8A72A900AD6630 /* ThirdCell.xib */; };
		582897131E8A72CE00AD6630 /* ViewController.swift in Sources */ = {isa = PBXBuildFile; fileRef = 582897121E8A72CE00AD6630 /* ViewController.swift */; };
/* End PBXBuildFile section */

/* Begin PBXFileReference section */
		582896F01E8A728800AD6630 /* CustomCollectionViewCell.app */ = {isa = PBXFileReference; explicitFileType = wrapper.application; includeInIndex = 0; path = CustomCollectionViewCell.app; sourceTree = BUILT_PRODUCTS_DIR; };
		582896F31E8A728800AD6630 /* AppDelegate.swift */ = {isa = PBXFileReference; lastKnownFileType = sourcecode.swift; path = AppDelegate.swift; sourceTree = "<group>"; };
		582896F81E8A728800AD6630 /* Base */ = {isa = PBXFileReference; lastKnownFileType = file.storyboard; name = Base; path = Base.lproj/Main.storyboard; sourceTree = "<group>"; };
		582896FA1E8A728800AD6630 /* Assets.xcassets */ = {isa = PBXFileReference; lastKnownFileType = folder.assetcatalog; path = Assets.xcassets; sourceTree = "<group>"; };
		582896FD1E8A728800AD6630 /* Base */ = {isa = PBXFileReference; lastKnownFileType = file.storyboard; name = Base; path = Base.lproj/LaunchScreen.storyboard; sourceTree = "<group>"; };
		582896FF1E8A728800AD6630 /* Info.plist */ = {isa = PBXFileReference; lastKnownFileType = text.plist.xml; path = Info.plist; sourceTree = "<group>"; };
		582897051E8A72A900AD6630 /* FirstCell.swift */ = {isa = PBXFileReference; fileEncoding = 4; lastKnownFileType = sourcecode.swift; path = FirstCell.swift; sourceTree = "<group>"; };
		582897061E8A72A900AD6630 /* FirstCell.xib */ = {isa = PBXFileReference; fileEncoding = 4; lastKnownFileType = file.xib; path = FirstCell.xib; sourceTree = "<group>"; };
		582897071E8A72A900AD6630 /* SecondCell.swift */ = {isa = PBXFileReference; fileEncoding = 4; lastKnownFileType = sourcecode.swift; path = SecondCell.swift; sourceTree = "<group>"; };
		582897081E8A72A900AD6630 /* SecondCell.xib */ = {isa = PBXFileReference; fileEncoding = 4; lastKnownFileType = file.xib; path = SecondCell.xib; sourceTree = "<group>"; };
		582897091E8A72A900AD6630 /* ThirdCell.swift */ = {isa = PBXFileReference; fileEncoding = 4; lastKnownFileType = sourcecode.swift; path = ThirdCell.swift; sourceTree = "<group>"; };
		5828970A1E8A72A900AD6630 /* ThirdCell.xib */ = {isa = PBXFileReference; fileEncoding = 4; lastKnownFileType = file.xib; path = ThirdCell.xib; sourceTree = "<group>"; };
		582897121E8A72CE00AD6630 /* ViewController.swift */ = {isa = PBXFileReference; fileEncoding = 4; lastKnownFileType = sourcecode.swift; path = ViewController.swift; sourceTree = "<group>"; };
/* End PBXFileReference section */

/* Begin PBXFrameworksBuildPhase section */
		582896ED1E8A728800AD6630 /* Frameworks */ = {
			isa = PBXFrameworksBuildPhase;
			buildActionMask = 2147483647;
			files = (
			);
			runOnlyForDeploymentPostprocessing = 0;
		};
/* End PBXFrameworksBuildPhase section */

/* Begin PBXGroup section */
		582896E71E8A728800AD6630 = {
			isa = PBXGroup;
			children = (
				582896F21E8A728800AD6630 /* CustomCollectionViewCell */,
				582896F11E8A728800AD6630 /* Products */,
			);
			sourceTree = "<group>";
		};
		582896F11E8A728800AD6630 /* Products */ = {
			isa = PBXGroup;
			children = (
				582896F01E8A728800AD6630 /* CustomCollectionViewCell.app */,
			);
			name = Products;
			sourceTree = "<group>";
		};
		582896F21E8A728800AD6630 /* CustomCollectionViewCell */ = {
			isa = PBXGroup;
			children = (
				582897121E8A72CE00AD6630 /* ViewController.swift */,
				582896F71E8A728800AD6630 /* Main.storyboard */,
				582897111E8A72AE00AD6630 /* Cell */,
				582897141E8A737100AD6630 /* SupportFile */,
			);
			path = CustomCollectionViewCell;
			sourceTree = "<group>";
		};
		582897111E8A72AE00AD6630 /* Cell */ = {
			isa = PBXGroup;
			children = (
				582897051E8A72A900AD6630 /* FirstCell.swift */,
				582897061E8A72A900AD6630 /* FirstCell.xib */,
				582897071E8A72A900AD6630 /* SecondCell.swift */,
				582897081E8A72A900AD6630 /* SecondCell.xib */,
				582897091E8A72A900AD6630 /* ThirdCell.swift */,
				5828970A1E8A72A900AD6630 /* ThirdCell.xib */,
			);
			name = Cell;
			sourceTree = "<group>";
		};
		582897141E8A737100AD6630 /* SupportFile */ = {
			isa = PBXGroup;
			children = (
				582896F31E8A728800AD6630 /* AppDelegate.swift */,
				582896FA1E8A728800AD6630 /* Assets.xcassets */,
				582896FC1E8A728800AD6630 /* LaunchScreen.storyboard */,
				582896FF1E8A728800AD6630 /* Info.plist */,
			);
			name = SupportFile;
			sourceTree = "<group>";
		};
/* End PBXGroup section */

/* Begin PBXNativeTarget section */
		582896EF1E8A728800AD6630 /* CustomCollectionViewCell */ = {
			isa = PBXNativeTarget;
			buildConfigurationList = 582897021E8A728800AD6630 /* Build configuration list for PBXNativeTarget "CustomCollectionViewCell" */;
			buildPhases = (
				582896EC1E8A728800AD6630 /* Sources */,
				582896ED1E8A728800AD6630 /* Frameworks */,
				582896EE1E8A728800AD6630 /* Resources */,
			);
			buildRules = (
			);
			dependencies = (
			);
			name = CustomCollectionViewCell;
			productName = CustomCollectionViewCell;
			productReference = 582896F01E8A728800AD6630 /* CustomCollectionViewCell.app */;
			productType = "com.apple.product-type.application";
		};
/* End PBXNativeTarget section */

/* Begin PBXProject section */
		582896E81E8A728800AD6630 /* Project object */ = {
			isa = PBXProject;
			attributes = {
				LastSwiftUpdateCheck = 0820;
				LastUpgradeCheck = 0820;
				ORGANIZATIONNAME = "王富生";
				TargetAttributes = {
					582896EF1E8A728800AD6630 = {
						CreatedOnToolsVersion = 8.2.1;
						DevelopmentTeam = 9M3U39WMQ7;
						ProvisioningStyle = Automatic;
					};
				};
			};
			buildConfigurationList = 582896EB1E8A728800AD6630 /* Build configuration list for PBXProject "CustomCollectionViewCell" */;
			compatibilityVersion = "Xcode 3.2";
			developmentRegion = English;
			hasScannedForEncodings = 0;
			knownRegions = (
				en,
				Base,
			);
			mainGroup = 582896E71E8A728800AD6630;
			productRefGroup = 582896F11E8A728800AD6630 /* Products */;
			projectDirPath = "";
			projectRoot = "";
			targets = (
				582896EF1E8A728800AD6630 /* CustomCollectionViewCell */,
			);
		};
/* End PBXProject section */

/* Begin PBXResourcesBuildPhase section */
		582896EE1E8A728800AD6630 /* Resources */ = {
			isa = PBXResourcesBuildPhase;
			buildActionMask = 2147483647;
			files = (
				5828970E1E8A72A900AD6630 /* SecondCell.xib in Resources */,
				582896FE1E8A728800AD6630 /* LaunchScreen.storyboard in Resources */,
				582896FB1E8A728800AD6630 /* Assets.xcassets in Resources */,
				582897101E8A72A900AD6630 /* ThirdCell.xib in Resources */,
				5828970C1E8A72A900AD6630 /* FirstCell.xib in Resources */,
				582896F91E8A728800AD6630 /* Main.storyboard in Resources */,
			);
			runOnlyForDeploymentPostprocessing = 0;
		};
/* End PBXResourcesBuildPhase section */

/* Begin PBXSourcesBuildPhase section */
		582896EC1E8A728800AD6630 /* Sources */ = {
			isa = PBXSourcesBuildPhase;
			buildActionMask = 2147483647;
			files = (
				582897131E8A72CE00AD6630 /* ViewController.swift in Sources */,
				5828970F1E8A72A900AD6630 /* ThirdCell.swift in Sources */,
				582896F41E8A728800AD6630 /* AppDelegate.swift in Sources */,
				5828970B1E8A72A900AD6630 /* FirstCell.swift in Sources */,
				5828970D1E8A72A900AD6630 /* SecondCell.swift in Sources */,
			);
			runOnlyForDeploymentPostprocessing = 0;
		};
/* End PBXSourcesBuildPhase section */

/* Begin PBXVariantGroup section */
		582896F71E8A728800AD6630 /* Main.storyboard */ = {
			isa = PBXVariantGroup;
			children = (
				582896F81E8A728800AD6630 /* Base */,
			);
			name = Main.storyboard;
			sourceTree = "<group>";
		};
		582896FC1E8A728800AD6630 /* LaunchScreen.storyboard */ = {
			isa = PBXVariantGroup;
			children = (
				582896FD1E8A728800AD6630 /* Base */,
			);
			name = LaunchScreen.storyboard;
			sourceTree = "<group>";
		};
/* End PBXVariantGroup section */

/* Begin XCBuildConfiguration section */
		582897001E8A728800AD6630 /* Debug */ = {
			isa = XCBuildConfiguration;
			buildSettings = {
				ALWAYS_SEARCH_USER_PATHS = NO;
				CLANG_ANALYZER_NONNULL = YES;
				CLANG_CXX_LANGUAGE_STANDARD = "gnu++0x";
				CLANG_CXX_LIBRARY = "libc++";
				CLANG_ENABLE_MODULES = YES;
				CLANG_ENABLE_OBJC_ARC = YES;
				CLANG_WARN_BOOL_CONVERSION = YES;
				CLANG_WARN_CONSTANT_CONVERSION = YES;
				CLANG_WARN_DIRECT_OBJC_ISA_USAGE = YES_ERROR;
				CLANG_WARN_DOCUMENTATION_COMMENTS = YES;
				CLANG_WARN_EMPTY_BODY = YES;
				CLANG_WARN_ENUM_CONVERSION = YES;
				CLANG_WARN_INFINITE_RECURSION = YES;
				CLANG_WARN_INT_CONVERSION = YES;
				CLANG_WARN_OBJC_ROOT_CLASS = YES_ERROR;
				CLANG_WARN_SUSPICIOUS_MOVE = YES;
				CLANG_WARN_UNREACHABLE_CODE = YES;
				CLANG_WARN__DUPLICATE_METHOD_MATCH = YES;
				"CODE_SIGN_IDENTITY[sdk=iphoneos*]" = "iPhone Developer";
				COPY_PHASE_STRIP = NO;
				DEBUG_INFORMATION_FORMAT = dwarf;
				ENABLE_STRICT_OBJC_MSGSEND = YES;
				ENABLE_TESTABILITY = YES;
				GCC_C_LANGUAGE_STANDARD = gnu99;
				GCC_DYNAMIC_NO_PIC = NO;
				GCC_NO_COMMON_BLOCKS = YES;
				GCC_OPTIMIZATION_LEVEL = 0;
				GCC_PREPROCESSOR_DEFINITIONS = (
					"DEBUG=1",
					"$(inherited)",
				);
				GCC_WARN_64_TO_32_BIT_CONVERSION = YES;
				GCC_WARN_ABOUT_RETURN_TYPE = YES_ERROR;
				GCC_WARN_UNDECLARED_SELECTOR = YES;
				GCC_WARN_UNINITIALIZED_AUTOS = YES_AGGRESSIVE;
				GCC_WARN_UNUSED_FUNCTION = YES;
				GCC_WARN_UNUSED_VARIABLE = YES;
				IPHONEOS_DEPLOYMENT_TARGET = 10.2;
				MTL_ENABLE_DEBUG_INFO = YES;
				ONLY_ACTIVE_ARCH = YES;
				SDKROOT = iphoneos;
				SWIFT_ACTIVE_COMPILATION_CONDITIONS = DEBUG;
				SWIFT_OPTIMIZATION_LEVEL = "-Onone";
			};
			name = Debug;
		};
		582897011E8A728800AD6630 /* Release */ = {
			isa = XCBuildConfiguration;
			buildSettings = {
				ALWAYS_SEARCH_USER_PATHS = NO;
				CLANG_ANALYZER_NONNULL = YES;
				CLANG_CXX_LANGUAGE_STANDARD = "gnu++0x";
				CLANG_CXX_LIBRARY = "libc++";
				CLANG_ENABLE_MODULES = YES;
				CLANG_ENABLE_OBJC_ARC = YES;
				CLANG_WARN_BOOL_CONVERSION = YES;
				CLANG_WARN_CONSTANT_CONVERSION = YES;
				CLANG_WARN_DIRECT_OBJC_ISA_USAGE = YES_ERROR;
				CLANG_WARN_DOCUMENTATION_COMMENTS = YES;
				CLANG_WARN_EMPTY_BODY = YES;
				CLANG_WARN_ENUM_CONVERSION = YES;
				CLANG_WARN_INFINITE_RECURSION = YES;
				CLANG_WARN_INT_CONVERSION = YES;
				CLANG_WARN_OBJC_ROOT_CLASS = YES_ERROR;
				CLANG_WARN_SUSPICIOUS_MOVE = YES;
				CLANG_WARN_UNREACHABLE_CODE = YES;
				CLANG_WARN__DUPLICATE_METHOD_MATCH = YES;
				"CODE_SIGN_IDENTITY[sdk=iphoneos*]" = "iPhone Developer";
				COPY_PHASE_STRIP = NO;
				DEBUG_INFORMATION_FORMAT = "dwarf-with-dsym";
				ENABLE_NS_ASSERTIONS = NO;
				ENABLE_STRICT_OBJC_MSGSEND = YES;
				GCC_C_LANGUAGE_STANDARD = gnu99;
				GCC_NO_COMMON_BLOCKS = YES;
				GCC_WARN_64_TO_32_BIT_CONVERSION = YES;
				GCC_WARN_ABOUT_RETURN_TYPE = YES_ERROR;
				GCC_WARN_UNDECLARED_SELECTOR = YES;
				GCC_WARN_UNINITIALIZED_AUTOS = YES_AGGRESSIVE;
				GCC_WARN_UNUSED_FUNCTION = YES;
				GCC_WARN_UNUSED_VARIABLE = YES;
				IPHONEOS_DEPLOYMENT_TARGET = 10.2;
				MTL_ENABLE_DEBUG_INFO = NO;
				SDKROOT = iphoneos;
				SWIFT_OPTIMIZATION_LEVEL = "-Owholemodule";
				VALIDATE_PRODUCT = YES;
			};
			name = Release;
		};
		582897031E8A728800AD6630 /* Debug */ = {
			isa = XCBuildConfiguration;
			buildSettings = {
				ASSETCATALOG_COMPILER_APPICON_NAME = AppIcon;
				DEVELOPMENT_TEAM = 9M3U39WMQ7;
				INFOPLIST_FILE = CustomCollectionViewCell/Info.plist;
				LD_RUNPATH_SEARCH_PATHS = "$(inherited) @executable_path/Frameworks";
				PRODUCT_BUNDLE_IDENTIFIER = wang.CustomCollectionViewCell;
				PRODUCT_NAME = "$(TARGET_NAME)";
				SWIFT_VERSION = 3.0;
			};
			name = Debug;
		};
		582897041E8A728800AD6630 /* Release */ = {
			isa = XCBuildConfiguration;
			buildSettings = {
				ASSETCATALOG_COMPILER_APPICON_NAME = AppIcon;
				DEVELOPMENT_TEAM = 9M3U39WMQ7;
				INFOPLIST_FILE = CustomCollectionViewCell/Info.plist;
				LD_RUNPATH_SEARCH_PATHS = "$(inherited) @executable_path/Frameworks";
				PRODUCT_BUNDLE_IDENTIFIER = wang.CustomCollectionViewCell;
				PRODUCT_NAME = "$(TARGET_NAME)";
				SWIFT_VERSION = 3.0;
			};
			name = Release;
		};
/* End XCBuildConfiguration section */

/* Begin XCConfigurationList section */
		582896EB1E8A728800AD6630 /* Build configuration list for PBXProject "CustomCollectionViewCell" */ = {
			isa = XCConfigurationList;
			buildConfigurations = (
				582897001E8A728800AD6630 /* Debug */,
				582897011E8A728800AD6630 /* Release */,
			);
			defaultConfigurationIsVisible = 0;
			defaultConfigurationName = Release;
		};
		582897021E8A728800AD6630 /* Build configuration list for PBXNativeTarget "CustomCollectionViewCell" */ = {
			isa = XCConfigurationList;
			buildConfigurations = (
				582897031E8A728800AD6630 /* Debug */,
				582897041E8A728800AD6630 /* Release */,
			);
			defaultConfigurationIsVisible = 0;
		};
/* End XCConfigurationList section */
	};
	rootObject = 582896E81E8A728800AD6630 /* Project object */;
}
